<?xml version="1.0" encoding="UTF-8"?>
<Scheme
   LastUpgradeVersion = "1240"
   version = "1.3">
   <BuildAction
      parallelizeBuildables = "YES"
      buildImplicitDependencies = "YES">
      <BuildActionEntries>
         <BuildActionEntry
            buildForTesting = "YES"
            buildForRunning = "YES"
            buildForProfiling = "YES"
            buildForArchiving = "NO"
            buildForAnalyzing = "YES">
            <BuildableReference
               BuildableIdentifier = "primary"
               BlueprintIdentifier = "104A6972229401260065F218"
               BuildableName = "iOSDemo.app"
               BlueprintName = "iOSDemo"
               ReferencedContainer = "container:Trace.xcodeproj">
            </BuildableReference>
         </BuildActionEntry>
      </BuildActionEntries>
   </BuildAction>
   <TestAction
      buildConfiguration = "Debug"
      selectedDebuggerIdentifier = ""
      selectedLauncherIdentifier = "Xcode.IDEFoundation.Launcher.PosixSpawn"
      shouldUseLaunchSchemeArgsEnv = "NO"
      disableMainThreadChecker = "YES"
      systemAttachmentLifetime = "keepNever"
      userAttachmentLifetime = "keepAlways">
      <MacroExpansion>
         <BuildableReference
            BuildableIdentifier = "primary"
            BlueprintIdentifier = "104A6972229401260065F218"
            BuildableName = "iOSDemo.app"
            BlueprintName = "iOSDemo"
            ReferencedContainer = "container:Trace.xcodeproj">
         </BuildableReference>
      </MacroExpansion>
      <EnvironmentVariables>
         <EnvironmentVariable
            key = "APM_COLLECTOR_TOKEN"
            value = "enter_token_here"
            isEnabled = "NO">
         </EnvironmentVariable>
         <EnvironmentVariable
            key = "APM_COLLECTOR_ENVIRONMENT"
            value = "https://collector.apm.bitrise.io"
            isEnabled = "NO">
         </EnvironmentVariable>
      </EnvironmentVariables>
      <Testables>
         <TestableReference
            skipped = "NO">
            <BuildableReference
               BuildableIdentifier = "primary"
               BlueprintIdentifier = "104A6985229401280065F218"
               BuildableName = "iOSDemoTests.xctest"
               BlueprintName = "iOSDemoTests"
               ReferencedContainer = "container:Trace.xcodeproj">
            </BuildableReference>
         </TestableReference>
         <TestableReference
            skipped = "NO">
            <BuildableReference
               BuildableIdentifier = "primary"
               BlueprintIdentifier = "104A6990229401280065F218"
               BuildableName = "iOSDemoUITests.xctest"
               BlueprintName = "iOSDemoUITests"
               ReferencedContainer = "container:Trace.xcodeproj">
            </BuildableReference>
         </TestableReference>
         <TestableReference
            skipped = "NO">
            <BuildableReference
               BuildableIdentifier = "primary"
               BlueprintIdentifier = "800DC5F5247D6D6C00FC8C73"
               BuildableName = "PerformanceUITests.xctest"
               BlueprintName = "PerformanceUITests"
               ReferencedContainer = "container:Trace.xcodeproj">
            </BuildableReference>
         </TestableReference>
         <TestableReference
            skipped = "NO">
            <BuildableReference
               BuildableIdentifier = "primary"
               BlueprintIdentifier = "80AD1A3B2473E806001DA4E2"
               BuildableName = "PerformanceTests.xctest"
               BlueprintName = "PerformanceTests"
               ReferencedContainer = "container:Trace.xcodeproj">
            </BuildableReference>
         </TestableReference>
      </Testables>
   </TestAction>
   <LaunchAction
      buildConfiguration = "Debug"
      selectedDebuggerIdentifier = "Xcode.DebuggerFoundation.Debugger.LLDB"
      selectedLauncherIdentifier = "Xcode.DebuggerFoundation.Launcher.LLDB"
      disableMainThreadChecker = "YES"
      launchStyle = "0"
      useCustomWorkingDirectory = "NO"
      ignoresPersistentStateOnLaunch = "NO"
      debugDocumentVersioning = "NO"
      debugServiceExtension = "internal"
      enableGPUFrameCaptureMode = "3"
      enableGPUValidationMode = "1"
      allowLocationSimulation = "NO"
      GPUProfilerEnabled = "No">
      <BuildableProductRunnable
         runnableDebuggingMode = "0">
         <BuildableReference
            BuildableIdentifier = "primary"
            BlueprintIdentifier = "104A6972229401260065F218"
            BuildableName = "iOSDemo.app"
            BlueprintName = "iOSDemo"
            ReferencedContainer = "container:Trace.xcodeproj">
         </BuildableReference>
      </BuildableProductRunnable>
      <CommandLineArguments>
         <CommandLineArgument
            argument = "-com.apple.CoreData.ConcurrencyDebug 1"
            isEnabled = "NO">
         </CommandLineArgument>
         <CommandLineArgument
            argument = "-com.apple.CoreData.SQLDebug 1"
            isEnabled = "NO">
         </CommandLineArgument>
         <CommandLineArgument
            argument = "-com.apple.CoreData.MigrationDebug 1"
            isEnabled = "NO">
         </CommandLineArgument>
         <CommandLineArgument
            argument = "-com.apple.CoreData.Logging.stderr 1"
            isEnabled = "NO">
         </CommandLineArgument>
      </CommandLineArguments>
      <EnvironmentVariables>
         <EnvironmentVariable
            key = "DYLD_PRINT_STATISTICS"
            value = "1"
            isEnabled = "NO">
         </EnvironmentVariable>
         <EnvironmentVariable
            key = "APM_COLLECTOR_TOKEN"
            value = "enter_token_here"
            isEnabled = "NO">
         </EnvironmentVariable>
         <EnvironmentVariable
            key = "APM_COLLECTOR_ENVIRONMENT"
            value = "https://collector.apm.bitrise.io"
            isEnabled = "NO">
         </EnvironmentVariable>
      </EnvironmentVariables>
   </LaunchAction>
   <ProfileAction
      buildConfiguration = "Debug"
      shouldUseLaunchSchemeArgsEnv = "YES"
      savedToolIdentifier = "Leaks"
      useCustomWorkingDirectory = "NO"
      debugDocumentVersioning = "YES">
      <BuildableProductRunnable
         runnableDebuggingMode = "0">
         <BuildableReference
            BuildableIdentifier = "primary"
            BlueprintIdentifier = "104A6972229401260065F218"
            BuildableName = "iOSDemo.app"
            BlueprintName = "iOSDemo"
            ReferencedContainer = "container:Trace.xcodeproj">
         </BuildableReference>
      </BuildableProductRunnable>
   </ProfileAction>
   <AnalyzeAction
      buildConfiguration = "Debug">
   </AnalyzeAction>
   <ArchiveAction
      buildConfiguration = "Release"
      revealArchiveInOrganizer = "YES">
   </ArchiveAction>
</Scheme>
